// !$*UTF8*$!
{
	archiveVersion = 1;
	classes = {
	};
	objectVersion = 56;
	objects = {

/* Begin PBXBuildFile section */
		FCFFDE0F2B90F9C6005F04B5 /* Projeto_SensorVision Watch App.app in Embed Watch Content */ = {isa = PBXBuildFile; fileRef = FCFFDE0E2B90F9C6005F04B5 /* Projeto_SensorVision Watch App.app */; settings = {ATTRIBUTES = (RemoveHeadersOnCopy, ); }; };
		FCFFDE142B90F9C6005F04B5 /* Projeto_SensorVisionApp.swift in Sources */ = {isa = PBXBuildFile; fileRef = FCFFDE132B90F9C6005F04B5 /* Projeto_SensorVisionApp.swift */; };
		FCFFDE162B90F9C6005F04B5 /* ContentView.swift in Sources */ = {isa = PBXBuildFile; fileRef = FCFFDE152B90F9C6005F04B5 /* ContentView.swift */; };
		FCFFDE182B90F9C7005F04B5 /* Assets.xcassets in Resources */ = {isa = PBXBuildFile; fileRef = FCFFDE172B90F9C7005F04B5 /* Assets.xcassets */; };
		FCFFDE1B2B90F9C7005F04B5 /* Preview Assets.xcassets in Resources */ = {isa = PBXBuildFile; fileRef = FCFFDE1A2B90F9C7005F04B5 /* Preview Assets.xcassets */; };
		FCFFDE252B90F9C7005F04B5 /* Projeto_SensorVision_Watch_AppTests.swift in Sources */ = {isa = PBXBuildFile; fileRef = FCFFDE242B90F9C7005F04B5 /* Projeto_SensorVision_Watch_AppTests.swift */; };
		FCFFDE2F2B90F9C7005F04B5 /* Projeto_SensorVision_Watch_AppUITests.swift in Sources */ = {isa = PBXBuildFile; fileRef = FCFFDE2E2B90F9C7005F04B5 /* Projeto_SensorVision_Watch_AppUITests.swift */; };
		FCFFDE312B90F9C7005F04B5 /* Projeto_SensorVision_Watch_AppUITestsLaunchTests.swift in Sources */ = {isa = PBXBuildFile; fileRef = FCFFDE302B90F9C7005F04B5 /* Projeto_SensorVision_Watch_AppUITestsLaunchTests.swift */; };
		FCFFDE462B90FC32005F04B5 /* Device.swift in Sources */ = {isa = PBXBuildFile; fileRef = FCFFDE452B90FC32005F04B5 /* Device.swift */; };
		FCFFDE482B90FE78005F04B5 /* Setting.swift in Sources */ = {isa = PBXBuildFile; fileRef = FCFFDE472B90FE78005F04B5 /* Setting.swift */; };
		FCFFDE4A2B9103EF005F04B5 /* PageRegConfig.swift in Sources */ = {isa = PBXBuildFile; fileRef = FCFFDE492B9103EF005F04B5 /* PageRegConfig.swift */; };
		FCFFDE4C2B9107D8005F04B5 /* PageRegDisp.swift in Sources */ = {isa = PBXBuildFile; fileRef = FCFFDE4B2B9107D8005F04B5 /* PageRegDisp.swift */; };
/* End PBXBuildFile section */

/* Begin PBXContainerItemProxy section */
		FCFFDE102B90F9C6005F04B5 /* PBXContainerItemProxy */ = {
			isa = PBXContainerItemProxy;
			containerPortal = FCFFDE022B90F9C6005F04B5 /* Project object */;
			proxyType = 1;
			remoteGlobalIDString = FCFFDE0D2B90F9C6005F04B5;
			remoteInfo = "Projeto_SensorVision Watch App";
		};
		FCFFDE212B90F9C7005F04B5 /* PBXContainerItemProxy */ = {
			isa = PBXContainerItemProxy;
			containerPortal = FCFFDE022B90F9C6005F04B5 /* Project object */;
			proxyType = 1;
			remoteGlobalIDString = FCFFDE0D2B90F9C6005F04B5;
			remoteInfo = "Projeto_SensorVision Watch App";
		};
		FCFFDE2B2B90F9C7005F04B5 /* PBXContainerItemProxy */ = {
			isa = PBXContainerItemProxy;
			containerPortal = FCFFDE022B90F9C6005F04B5 /* Project object */;
			proxyType = 1;
			remoteGlobalIDString = FCFFDE0D2B90F9C6005F04B5;
			remoteInfo = "Projeto_SensorVision Watch App";
		};
/* End PBXContainerItemProxy section */

/* Begin PBXCopyFilesBuildPhase section */
		FCFFDE372B90F9C7005F04B5 /* Embed Watch Content */ = {
			isa = PBXCopyFilesBuildPhase;
			buildActionMask = 2147483647;
			dstPath = "$(CONTENTS_FOLDER_PATH)/Watch";
			dstSubfolderSpec = 16;
			files = (
				FCFFDE0F2B90F9C6005F04B5 /* Projeto_SensorVision Watch App.app in Embed Watch Content */,
			);
			name = "Embed Watch Content";
			runOnlyForDeploymentPostprocessing = 0;
		};
/* End PBXCopyFilesBuildPhase section */

/* Begin PBXFileReference section */
		FCFFDE082B90F9C6005F04B5 /* Projeto_SensorVision.app */ = {isa = PBXFileReference; explicitFileType = wrapper.application; includeInIndex = 0; path = Projeto_SensorVision.app; sourceTree = BUILT_PRODUCTS_DIR; };
		FCFFDE0E2B90F9C6005F04B5 /* Projeto_SensorVision Watch App.app */ = {isa = PBXFileReference; explicitFileType = wrapper.application; includeInIndex = 0; path = "Projeto_SensorVision Watch App.app"; sourceTree = BUILT_PRODUCTS_DIR; };
		FCFFDE132B90F9C6005F04B5 /* Projeto_SensorVisionApp.swift */ = {isa = PBXFileReference; lastKnownFileType = sourcecode.swift; path = Projeto_SensorVisionApp.swift; sourceTree = "<group>"; };
		FCFFDE152B90F9C6005F04B5 /* ContentView.swift */ = {isa = PBXFileReference; lastKnownFileType = sourcecode.swift; path = ContentView.swift; sourceTree = "<group>"; };
		FCFFDE172B90F9C7005F04B5 /* Assets.xcassets */ = {isa = PBXFileReference; lastKnownFileType = folder.assetcatalog; path = Assets.xcassets; sourceTree = "<group>"; };
		FCFFDE1A2B90F9C7005F04B5 /* Preview Assets.xcassets */ = {isa = PBXFileReference; lastKnownFileType = folder.assetcatalog; path = "Preview Assets.xcassets"; sourceTree = "<group>"; };
		FCFFDE202B90F9C7005F04B5 /* Projeto_SensorVision Watch AppTests.xctest */ = {isa = PBXFileReference; explicitFileType = wrapper.cfbundle; includeInIndex = 0; path = "Projeto_SensorVision Watch AppTests.xctest"; sourceTree = BUILT_PRODUCTS_DIR; };
		FCFFDE242B90F9C7005F04B5 /* Projeto_SensorVision_Watch_AppTests.swift */ = {isa = PBXFileReference; lastKnownFileType = sourcecode.swift; path = Projeto_SensorVision_Watch_AppTests.swift; sourceTree = "<group>"; };
		FCFFDE2A2B90F9C7005F04B5 /* Projeto_SensorVision Watch AppUITests.xctest */ = {isa = PBXFileReference; explicitFileType = wrapper.cfbundle; includeInIndex = 0; path = "Projeto_SensorVision Watch AppUITests.xctest"; sourceTree = BUILT_PRODUCTS_DIR; };
		FCFFDE2E2B90F9C7005F04B5 /* Projeto_SensorVision_Watch_AppUITests.swift */ = {isa = PBXFileReference; lastKnownFileType = sourcecode.swift; path = Projeto_SensorVision_Watch_AppUITests.swift; sourceTree = "<group>"; };
		FCFFDE302B90F9C7005F04B5 /* Projeto_SensorVision_Watch_AppUITestsLaunchTests.swift */ = {isa = PBXFileReference; lastKnownFileType = sourcecode.swift; path = Projeto_SensorVision_Watch_AppUITestsLaunchTests.swift; sourceTree = "<group>"; };
		FCFFDE452B90FC32005F04B5 /* Device.swift */ = {isa = PBXFileReference; lastKnownFileType = sourcecode.swift; path = Device.swift; sourceTree = "<group>"; };
		FCFFDE472B90FE78005F04B5 /* Setting.swift */ = {isa = PBXFileReference; lastKnownFileType = sourcecode.swift; path = Setting.swift; sourceTree = "<group>"; };
		FCFFDE492B9103EF005F04B5 /* PageRegConfig.swift */ = {isa = PBXFileReference; lastKnownFileType = sourcecode.swift; path = PageRegConfig.swift; sourceTree = "<group>"; };
		FCFFDE4B2B9107D8005F04B5 /* PageRegDisp.swift */ = {isa = PBXFileReference; lastKnownFileType = sourcecode.swift; path = PageRegDisp.swift; sourceTree = "<group>"; };
/* End PBXFileReference section */

/* Begin PBXFrameworksBuildPhase section */
		FCFFDE0B2B90F9C6005F04B5 /* Frameworks */ = {
			isa = PBXFrameworksBuildPhase;
			buildActionMask = 2147483647;
			files = (
			);
			runOnlyForDeploymentPostprocessing = 0;
		};
		FCFFDE1D2B90F9C7005F04B5 /* Frameworks */ = {
			isa = PBXFrameworksBuildPhase;
			buildActionMask = 2147483647;
			files = (
			);
			runOnlyForDeploymentPostprocessing = 0;
		};
		FCFFDE272B90F9C7005F04B5 /* Frameworks */ = {
			isa = PBXFrameworksBuildPhase;
			buildActionMask = 2147483647;
			files = (
			);
			runOnlyForDeploymentPostprocessing = 0;
		};
/* End PBXFrameworksBuildPhase section */

/* Begin PBXGroup section */
		FCFFDE012B90F9C6005F04B5 = {
			isa = PBXGroup;
			children = (
				FCFFDE122B90F9C6005F04B5 /* Projeto_SensorVision Watch App */,
				FCFFDE232B90F9C7005F04B5 /* Projeto_SensorVision Watch AppTests */,
				FCFFDE2D2B90F9C7005F04B5 /* Projeto_SensorVision Watch AppUITests */,
				FCFFDE092B90F9C6005F04B5 /* Products */,
			);
			sourceTree = "<group>";
		};
		FCFFDE092B90F9C6005F04B5 /* Products */ = {
			isa = PBXGroup;
			children = (
				FCFFDE082B90F9C6005F04B5 /* Projeto_SensorVision.app */,
				FCFFDE0E2B90F9C6005F04B5 /* Projeto_SensorVision Watch App.app */,
				FCFFDE202B90F9C7005F04B5 /* Projeto_SensorVision Watch AppTests.xctest */,
				FCFFDE2A2B90F9C7005F04B5 /* Projeto_SensorVision Watch AppUITests.xctest */,
			);
			name = Products;
			sourceTree = "<group>";
		};
		FCFFDE122B90F9C6005F04B5 /* Projeto_SensorVision Watch App */ = {
			isa = PBXGroup;
			children = (
				FCFFDE442B90FC1E005F04B5 /* Model */,
				FCFFDE412B90FBFE005F04B5 /* View */,
				FCFFDE132B90F9C6005F04B5 /* Projeto_SensorVisionApp.swift */,
				FCFFDE172B90F9C7005F04B5 /* Assets.xcassets */,
				FCFFDE192B90F9C7005F04B5 /* Preview Content */,
			);
			path = "Projeto_SensorVision Watch App";
			sourceTree = "<group>";
		};
		FCFFDE192B90F9C7005F04B5 /* Preview Content */ = {
			isa = PBXGroup;
			children = (
				FCFFDE1A2B90F9C7005F04B5 /* Preview Assets.xcassets */,
			);
			path = "Preview Content";
			sourceTree = "<group>";
		};
		FCFFDE232B90F9C7005F04B5 /* Projeto_SensorVision Watch AppTests */ = {
			isa = PBXGroup;
			children = (
				FCFFDE242B90F9C7005F04B5 /* Projeto_SensorVision_Watch_AppTests.swift */,
			);
			path = "Projeto_SensorVision Watch AppTests";
			sourceTree = "<group>";
		};
		FCFFDE2D2B90F9C7005F04B5 /* Projeto_SensorVision Watch AppUITests */ = {
			isa = PBXGroup;
			children = (
				FCFFDE2E2B90F9C7005F04B5 /* Projeto_SensorVision_Watch_AppUITests.swift */,
				FCFFDE302B90F9C7005F04B5 /* Projeto_SensorVision_Watch_AppUITestsLaunchTests.swift */,
			);
			path = "Projeto_SensorVision Watch AppUITests";
			sourceTree = "<group>";
		};
		FCFFDE412B90FBFE005F04B5 /* View */ = {
			isa = PBXGroup;
			children = (
				FCFFDE152B90F9C6005F04B5 /* ContentView.swift */,
				FCFFDE492B9103EF005F04B5 /* PageRegConfig.swift */,
				FCFFDE4B2B9107D8005F04B5 /* PageRegDisp.swift */,
			);
			path = View;
			sourceTree = "<group>";
		};
		FCFFDE442B90FC1E005F04B5 /* Model */ = {
			isa = PBXGroup;
			children = (
				FCFFDE452B90FC32005F04B5 /* Device.swift */,
				FCFFDE472B90FE78005F04B5 /* Setting.swift */,
			);
			path = Model;
			sourceTree = "<group>";
		};
/* End PBXGroup section */

/* Begin PBXNativeTarget section */
		FCFFDE072B90F9C6005F04B5 /* Projeto_SensorVision */ = {
			isa = PBXNativeTarget;
			buildConfigurationList = FCFFDE382B90F9C7005F04B5 /* Build configuration list for PBXNativeTarget "Projeto_SensorVision" */;
			buildPhases = (
				FCFFDE062B90F9C6005F04B5 /* Resources */,
				FCFFDE372B90F9C7005F04B5 /* Embed Watch Content */,
			);
			buildRules = (
			);
			dependencies = (
				FCFFDE112B90F9C6005F04B5 /* PBXTargetDependency */,
			);
			name = Projeto_SensorVision;
			productName = Projeto_SensorVision;
			productReference = FCFFDE082B90F9C6005F04B5 /* Projeto_SensorVision.app */;
			productType = "com.apple.product-type.application.watchapp2-container";
		};
		FCFFDE0D2B90F9C6005F04B5 /* Projeto_SensorVision Watch App */ = {
			isa = PBXNativeTarget;
			buildConfigurationList = FCFFDE342B90F9C7005F04B5 /* Build configuration list for PBXNativeTarget "Projeto_SensorVision Watch App" */;
			buildPhases = (
				FCFFDE0A2B90F9C6005F04B5 /* Sources */,
				FCFFDE0B2B90F9C6005F04B5 /* Frameworks */,
				FCFFDE0C2B90F9C6005F04B5 /* Resources */,
			);
			buildRules = (
			);
			dependencies = (
			);
			name = "Projeto_SensorVision Watch App";
			productName = "Projeto_SensorVision Watch App";
			productReference = FCFFDE0E2B90F9C6005F04B5 /* Projeto_SensorVision Watch App.app */;
			productType = "com.apple.product-type.application";
		};
		FCFFDE1F2B90F9C7005F04B5 /* Projeto_SensorVision Watch AppTests */ = {
			isa = PBXNativeTarget;
			buildConfigurationList = FCFFDE3B2B90F9C7005F04B5 /* Build configuration list for PBXNativeTarget "Projeto_SensorVision Watch AppTests" */;
			buildPhases = (
				FCFFDE1C2B90F9C7005F04B5 /* Sources */,
				FCFFDE1D2B90F9C7005F04B5 /* Frameworks */,
				FCFFDE1E2B90F9C7005F04B5 /* Resources */,
			);
			buildRules = (
			);
			dependencies = (
				FCFFDE222B90F9C7005F04B5 /* PBXTargetDependency */,
			);
			name = "Projeto_SensorVision Watch AppTests";
			productName = "Projeto_SensorVision Watch AppTests";
			productReference = FCFFDE202B90F9C7005F04B5 /* Projeto_SensorVision Watch AppTests.xctest */;
			productType = "com.apple.product-type.bundle.unit-test";
		};
		FCFFDE292B90F9C7005F04B5 /* Projeto_SensorVision Watch AppUITests */ = {
			isa = PBXNativeTarget;
			buildConfigurationList = FCFFDE3E2B90F9C7005F04B5 /* Build configuration list for PBXNativeTarget "Projeto_SensorVision Watch AppUITests" */;
			buildPhases = (
				FCFFDE262B90F9C7005F04B5 /* Sources */,
				FCFFDE272B90F9C7005F04B5 /* Frameworks */,
				FCFFDE282B90F9C7005F04B5 /* Resources */,
			);
			buildRules = (
			);
			dependencies = (
				FCFFDE2C2B90F9C7005F04B5 /* PBXTargetDependency */,
			);
			name = "Projeto_SensorVision Watch AppUITests";
			productName = "Projeto_SensorVision Watch AppUITests";
			productReference = FCFFDE2A2B90F9C7005F04B5 /* Projeto_SensorVision Watch AppUITests.xctest */;
			productType = "com.apple.product-type.bundle.ui-testing";
		};
/* End PBXNativeTarget section */

/* Begin PBXProject section */
		FCFFDE022B90F9C6005F04B5 /* Project object */ = {
			isa = PBXProject;
			attributes = {
				BuildIndependentTargetsInParallel = 1;
				LastSwiftUpdateCheck = 1520;
				LastUpgradeCheck = 1520;
				TargetAttributes = {
					FCFFDE072B90F9C6005F04B5 = {
						CreatedOnToolsVersion = 15.2;
					};
					FCFFDE0D2B90F9C6005F04B5 = {
						CreatedOnToolsVersion = 15.2;
					};
					FCFFDE1F2B90F9C7005F04B5 = {
						CreatedOnToolsVersion = 15.2;
						TestTargetID = FCFFDE0D2B90F9C6005F04B5;
					};
					FCFFDE292B90F9C7005F04B5 = {
						CreatedOnToolsVersion = 15.2;
						TestTargetID = FCFFDE0D2B90F9C6005F04B5;
					};
				};
			};
			buildConfigurationList = FCFFDE052B90F9C6005F04B5 /* Build configuration list for PBXProject "Projeto_SensorVision" */;
			compatibilityVersion = "Xcode 14.0";
			developmentRegion = en;
			hasScannedForEncodings = 0;
			knownRegions = (
				en,
				Base,
			);
			mainGroup = FCFFDE012B90F9C6005F04B5;
			productRefGroup = FCFFDE092B90F9C6005F04B5 /* Products */;
			projectDirPath = "";
			projectRoot = "";
			targets = (
				FCFFDE072B90F9C6005F04B5 /* Projeto_SensorVision */,
				FCFFDE0D2B90F9C6005F04B5 /* Projeto_SensorVision Watch App */,
				FCFFDE1F2B90F9C7005F04B5 /* Projeto_SensorVision Watch AppTests */,
				FCFFDE292B90F9C7005F04B5 /* Projeto_SensorVision Watch AppUITests */,
			);
		};
/* End PBXProject section */

/* Begin PBXResourcesBuildPhase section */
		FCFFDE062B90F9C6005F04B5 /* Resources */ = {
			isa = PBXResourcesBuildPhase;
			buildActionMask = 2147483647;
			files = (
			);
			runOnlyForDeploymentPostprocessing = 0;
		};
		FCFFDE0C2B90F9C6005F04B5 /* Resources */ = {
			isa = PBXResourcesBuildPhase;
			buildActionMask = 2147483647;
			files = (
				FCFFDE1B2B90F9C7005F04B5 /* Preview Assets.xcassets in Resources */,
				FCFFDE182B90F9C7005F04B5 /* Assets.xcassets in Resources */,
			);
			runOnlyForDeploymentPostprocessing = 0;
		};
		FCFFDE1E2B90F9C7005F04B5 /* Resources */ = {
			isa = PBXResourcesBuildPhase;
			buildActionMask = 2147483647;
			files = (
			);
			runOnlyForDeploymentPostprocessing = 0;
		};
		FCFFDE282B90F9C7005F04B5 /* Resources */ = {
			isa = PBXResourcesBuildPhase;
			buildActionMask = 2147483647;
			files = (
			);
			runOnlyForDeploymentPostprocessing = 0;
		};
/* End PBXResourcesBuildPhase section */

/* Begin PBXSourcesBuildPhase section */
		FCFFDE0A2B90F9C6005F04B5 /* Sources */ = {
			isa = PBXSourcesBuildPhase;
			buildActionMask = 2147483647;
			files = (
				FCFFDE4A2B9103EF005F04B5 /* PageRegConfig.swift in Sources */,
				FCFFDE462B90FC32005F04B5 /* Device.swift in Sources */,
				FCFFDE162B90F9C6005F04B5 /* ContentView.swift in Sources */,
				FCFFDE482B90FE78005F04B5 /* Setting.swift in Sources */,
				FCFFDE142B90F9C6005F04B5 /* Projeto_SensorVisionApp.swift in Sources */,
				FCFFDE4C2B9107D8005F04B5 /* PageRegDisp.swift in Sources */,
			);
			runOnlyForDeploymentPostprocessing = 0;
		};
		FCFFDE1C2B90F9C7005F04B5 /* Sources */ = {
			isa = PBXSourcesBuildPhase;
			buildActionMask = 2147483647;
			files = (
				FCFFDE252B90F9C7005F04B5 /* Projeto_SensorVision_Watch_AppTests.swift in Sources */,
			);
			runOnlyForDeploymentPostprocessing = 0;
		};
		FCFFDE262B90F9C7005F04B5 /* Sources */ = {
			isa = PBXSourcesBuildPhase;
			buildActionMask = 2147483647;
			files = (
				FCFFDE312B90F9C7005F04B5 /* Projeto_SensorVision_Watch_AppUITestsLaunchTests.swift in Sources */,
				FCFFDE2F2B90F9C7005F04B5 /* Projeto_SensorVision_Watch_AppUITests.swift in Sources */,
			);
			runOnlyForDeploymentPostprocessing = 0;
		};
/* End PBXSourcesBuildPhase section */

/* Begin PBXTargetDependency section */
		FCFFDE112B90F9C6005F04B5 /* PBXTargetDependency */ = {
			isa = PBXTargetDependency;
			target = FCFFDE0D2B90F9C6005F04B5 /* Projeto_SensorVision Watch App */;
			targetProxy = FCFFDE102B90F9C6005F04B5 /* PBXContainerItemProxy */;
		};
		FCFFDE222B90F9C7005F04B5 /* PBXTargetDependency */ = {
			isa = PBXTargetDependency;
			target = FCFFDE0D2B90F9C6005F04B5 /* Projeto_SensorVision Watch App */;
			targetProxy = FCFFDE212B90F9C7005F04B5 /* PBXContainerItemProxy */;
		};
		FCFFDE2C2B90F9C7005F04B5 /* PBXTargetDependency */ = {
			isa = PBXTargetDependency;
			target = FCFFDE0D2B90F9C6005F04B5 /* Projeto_SensorVision Watch App */;
			targetProxy = FCFFDE2B2B90F9C7005F04B5 /* PBXContainerItemProxy */;
		};
/* End PBXTargetDependency section */

/* Begin XCBuildConfiguration section */
		FCFFDE322B90F9C7005F04B5 /* Debug */ = {
			isa = XCBuildConfiguration;
			buildSettings = {
				ALWAYS_SEARCH_USER_PATHS = NO;
				ASSETCATALOG_COMPILER_GENERATE_SWIFT_ASSET_SYMBOL_EXTENSIONS = YES;
				CLANG_ANALYZER_NONNULL = YES;
				CLANG_ANALYZER_NUMBER_OBJECT_CONVERSION = YES_AGGRESSIVE;
				CLANG_CXX_LANGUAGE_STANDARD = "gnu++20";
				CLANG_ENABLE_MODULES = YES;
				CLANG_ENABLE_OBJC_ARC = YES;
				CLANG_ENABLE_OBJC_WEAK = YES;
				CLANG_WARN_BLOCK_CAPTURE_AUTORELEASING = YES;
				CLANG_WARN_BOOL_CONVERSION = YES;
				CLANG_WARN_COMMA = YES;
				CLANG_WARN_CONSTANT_CONVERSION = YES;
				CLANG_WARN_DEPRECATED_OBJC_IMPLEMENTATIONS = YES;
				CLANG_WARN_DIRECT_OBJC_ISA_USAGE = YES_ERROR;
				CLANG_WARN_DOCUMENTATION_COMMENTS = YES;
				CLANG_WARN_EMPTY_BODY = YES;
				CLANG_WARN_ENUM_CONVERSION = YES;
				CLANG_WARN_INFINITE_RECURSION = YES;
				CLANG_WARN_INT_CONVERSION = YES;
				CLANG_WARN_NON_LITERAL_NULL_CONVERSION = YES;
				CLANG_WARN_OBJC_IMPLICIT_RETAIN_SELF = YES;
				CLANG_WARN_OBJC_LITERAL_CONVERSION = YES;
				CLANG_WARN_OBJC_ROOT_CLASS = YES_ERROR;
				CLANG_WARN_QUOTED_INCLUDE_IN_FRAMEWORK_HEADER = YES;
				CLANG_WARN_RANGE_LOOP_ANALYSIS = YES;
				CLANG_WARN_STRICT_PROTOTYPES = YES;
				CLANG_WARN_SUSPICIOUS_MOVE = YES;
				CLANG_WARN_UNGUARDED_AVAILABILITY = YES_AGGRESSIVE;
				CLANG_WARN_UNREACHABLE_CODE = YES;
				CLANG_WARN__DUPLICATE_METHOD_MATCH = YES;
				COPY_PHASE_STRIP = NO;
				DEBUG_INFORMATION_FORMAT = dwarf;
				ENABLE_STRICT_OBJC_MSGSEND = YES;
				ENABLE_TESTABILITY = YES;
				ENABLE_USER_SCRIPT_SANDBOXING = YES;
				GCC_C_LANGUAGE_STANDARD = gnu17;
				GCC_DYNAMIC_NO_PIC = NO;
				GCC_NO_COMMON_BLOCKS = YES;
				GCC_OPTIMIZATION_LEVEL = 0;
				GCC_PREPROCESSOR_DEFINITIONS = (
					"DEBUG=1",
					"$(inherited)",
				);
				GCC_WARN_64_TO_32_BIT_CONVERSION = YES;
				GCC_WARN_ABOUT_RETURN_TYPE = YES_ERROR;
				GCC_WARN_UNDECLARED_SELECTOR = YES;
				GCC_WARN_UNINITIALIZED_AUTOS = YES_AGGRESSIVE;
				GCC_WARN_UNUSED_FUNCTION = YES;
				GCC_WARN_UNUSED_VARIABLE = YES;
				LOCALIZATION_PREFERS_STRING_CATALOGS = YES;
				MTL_ENABLE_DEBUG_INFO = INCLUDE_SOURCE;
				MTL_FAST_MATH = YES;
				ONLY_ACTIVE_ARCH = YES;
				SWIFT_ACTIVE_COMPILATION_CONDITIONS = "DEBUG $(inherited)";
				SWIFT_OPTIMIZATION_LEVEL = "-Onone";
			};
			name = Debug;
		};
		FCFFDE332B90F9C7005F04B5 /* Release */ = {
			isa = XCBuildConfiguration;
			buildSettings = {
				ALWAYS_SEARCH_USER_PATHS = NO;
				ASSETCATALOG_COMPILER_GENERATE_SWIFT_ASSET_SYMBOL_EXTENSIONS = YES;
				CLANG_ANALYZER_NONNULL = YES;
				CLANG_ANALYZER_NUMBER_OBJECT_CONVERSION = YES_AGGRESSIVE;
				CLANG_CXX_LANGUAGE_STANDARD = "gnu++20";
				CLANG_ENABLE_MODULES = YES;
				CLANG_ENABLE_OBJC_ARC = YES;
				CLANG_ENABLE_OBJC_WEAK = YES;
				CLANG_WARN_BLOCK_CAPTURE_AUTORELEASING = YES;
				CLANG_WARN_BOOL_CONVERSION = YES;
				CLANG_WARN_COMMA = YES;
				CLANG_WARN_CONSTANT_CONVERSION = YES;
				CLANG_WARN_DEPRECATED_OBJC_IMPLEMENTATIONS = YES;
				CLANG_WARN_DIRECT_OBJC_ISA_USAGE = YES_ERROR;
				CLANG_WARN_DOCUMENTATION_COMMENTS = YES;
				CLANG_WARN_EMPTY_BODY = YES;
				CLANG_WARN_ENUM_CONVERSION = YES;
				CLANG_WARN_INFINITE_RECURSION = YES;
				CLANG_WARN_INT_CONVERSION = YES;
				CLANG_WARN_NON_LITERAL_NULL_CONVERSION = YES;
				CLANG_WARN_OBJC_IMPLICIT_RETAIN_SELF = YES;
				CLANG_WARN_OBJC_LITERAL_CONVERSION = YES;
				CLANG_WARN_OBJC_ROOT_CLASS = YES_ERROR;
				CLANG_WARN_QUOTED_INCLUDE_IN_FRAMEWORK_HEADER = YES;
				CLANG_WARN_RANGE_LOOP_ANALYSIS = YES;
				CLANG_WARN_STRICT_PROTOTYPES = YES;
				CLANG_WARN_SUSPICIOUS_MOVE = YES;
				CLANG_WARN_UNGUARDED_AVAILABILITY = YES_AGGRESSIVE;
				CLANG_WARN_UNREACHABLE_CODE = YES;
				CLANG_WARN__DUPLICATE_METHOD_MATCH = YES;
				COPY_PHASE_STRIP = NO;
				DEBUG_INFORMATION_FORMAT = "dwarf-with-dsym";
				ENABLE_NS_ASSERTIONS = NO;
				ENABLE_STRICT_OBJC_MSGSEND = YES;
				ENABLE_USER_SCRIPT_SANDBOXING = YES;
				GCC_C_LANGUAGE_STANDARD = gnu17;
				GCC_NO_COMMON_BLOCKS = YES;
				GCC_WARN_64_TO_32_BIT_CONVERSION = YES;
				GCC_WARN_ABOUT_RETURN_TYPE = YES_ERROR;
				GCC_WARN_UNDECLARED_SELECTOR = YES;
				GCC_WARN_UNINITIALIZED_AUTOS = YES_AGGRESSIVE;
				GCC_WARN_UNUSED_FUNCTION = YES;
				GCC_WARN_UNUSED_VARIABLE = YES;
				LOCALIZATION_PREFERS_STRING_CATALOGS = YES;
				MTL_ENABLE_DEBUG_INFO = NO;
				MTL_FAST_MATH = YES;
				SWIFT_COMPILATION_MODE = wholemodule;
			};
			name = Release;
		};
		FCFFDE352B90F9C7005F04B5 /* Debug */ = {
			isa = XCBuildConfiguration;
			buildSettings = {
				ASSETCATALOG_COMPILER_APPICON_NAME = AppIcon;
				ASSETCATALOG_COMPILER_GLOBAL_ACCENT_COLOR_NAME = AccentColor;
				CODE_SIGN_STYLE = Automatic;
				CURRENT_PROJECT_VERSION = 1;
				DEVELOPMENT_ASSET_PATHS = "\"Projeto_SensorVision Watch App/Preview Content\"";
				DEVELOPMENT_TEAM = JA4TZLJA69;
				ENABLE_PREVIEWS = YES;
				GENERATE_INFOPLIST_FILE = YES;
				INFOPLIST_KEY_CFBundleDisplayName = Projeto_SensorVision;
				INFOPLIST_KEY_UISupportedInterfaceOrientations = "UIInterfaceOrientationPortrait UIInterfaceOrientationPortraitUpsideDown";
				INFOPLIST_KEY_WKWatchOnly = YES;
				LD_RUNPATH_SEARCH_PATHS = (
					"$(inherited)",
					"@executable_path/Frameworks",
				);
				MARKETING_VERSION = 1.0;
				PRODUCT_BUNDLE_IDENTIFIER = "IFMA.Projeto-SensorVision.watchkitapp";
				PRODUCT_NAME = "$(TARGET_NAME)";
				SDKROOT = watchos;
				SKIP_INSTALL = YES;
				SWIFT_EMIT_LOC_STRINGS = YES;
				SWIFT_VERSION = 5.0;
				TARGETED_DEVICE_FAMILY = 4;
				WATCHOS_DEPLOYMENT_TARGET = 10.2;
			};
			name = Debug;
		};
		FCFFDE362B90F9C7005F04B5 /* Release */ = {
			isa = XCBuildConfiguration;
			buildSettings = {
				ASSETCATALOG_COMPILER_APPICON_NAME = AppIcon;
				ASSETCATALOG_COMPILER_GLOBAL_ACCENT_COLOR_NAME = AccentColor;
				CODE_SIGN_STYLE = Automatic;
				CURRENT_PROJECT_VERSION = 1;
				DEVELOPMENT_ASSET_PATHS = "\"Projeto_SensorVision Watch App/Preview Content\"";
				DEVELOPMENT_TEAM = JA4TZLJA69;
				ENABLE_PREVIEWS = YES;
				GENERATE_INFOPLIST_FILE = YES;
				INFOPLIST_KEY_CFBundleDisplayName = Projeto_SensorVision;
				INFOPLIST_KEY_UISupportedInterfaceOrientations = "UIInterfaceOrientationPortrait UIInterfaceOrientationPortraitUpsideDown";
				INFOPLIST_KEY_WKWatchOnly = YES;
				LD_RUNPATH_SEARCH_PATHS = (
					"$(inherited)",
					"@executable_path/Frameworks",
				);
				MARKETING_VERSION = 1.0;
				PRODUCT_BUNDLE_IDENTIFIER = "IFMA.Projeto-SensorVision.watchkitapp";
				PRODUCT_NAME = "$(TARGET_NAME)";
				SDKROOT = watchos;
				SKIP_INSTALL = YES;
				SWIFT_EMIT_LOC_STRINGS = YES;
				SWIFT_VERSION = 5.0;
				TARGETED_DEVICE_FAMILY = 4;
				VALIDATE_PRODUCT = YES;
				WATCHOS_DEPLOYMENT_TARGET = 10.2;
			};
			name = Release;
		};
		FCFFDE392B90F9C7005F04B5 /* Debug */ = {
			isa = XCBuildConfiguration;
			buildSettings = {
				ALWAYS_EMBED_SWIFT_STANDARD_LIBRARIES = YES;
				CODE_SIGN_STYLE = Automatic;
				CURRENT_PROJECT_VERSION = 1;
				DEVELOPMENT_TEAM = JA4TZLJA69;
				INFOPLIST_KEY_CFBundleDisplayName = Projeto_SensorVision;
				MARKETING_VERSION = 1.0;
				PRODUCT_BUNDLE_IDENTIFIER = "IFMA.Projeto-SensorVision";
				PRODUCT_NAME = "$(TARGET_NAME)";
				SDKROOT = iphoneos;
				SWIFT_VERSION = 5.0;
			};
			name = Debug;
		};
		FCFFDE3A2B90F9C7005F04B5 /* Release */ = {
			isa = XCBuildConfiguration;
			buildSettings = {
				ALWAYS_EMBED_SWIFT_STANDARD_LIBRARIES = YES;
				CODE_SIGN_STYLE = Automatic;
				CURRENT_PROJECT_VERSION = 1;
				DEVELOPMENT_TEAM = JA4TZLJA69;
				INFOPLIST_KEY_CFBundleDisplayName = Projeto_SensorVision;
				MARKETING_VERSION = 1.0;
				PRODUCT_BUNDLE_IDENTIFIER = "IFMA.Projeto-SensorVision";
				PRODUCT_NAME = "$(TARGET_NAME)";
				SDKROOT = iphoneos;
				SWIFT_VERSION = 5.0;
				VALIDATE_PRODUCT = YES;
			};
			name = Release;
		};
		FCFFDE3C2B90F9C7005F04B5 /* Debug */ = {
			isa = XCBuildConfiguration;
			buildSettings = {
				ALWAYS_EMBED_SWIFT_STANDARD_LIBRARIES = YES;
				BUNDLE_LOADER = "$(TEST_HOST)";
				CODE_SIGN_STYLE = Automatic;
				CURRENT_PROJECT_VERSION = 1;
				DEVELOPMENT_TEAM = JA4TZLJA69;
				GENERATE_INFOPLIST_FILE = YES;
				MARKETING_VERSION = 1.0;
				PRODUCT_BUNDLE_IDENTIFIER = "IFMA.Projeto-SensorVision-Watch-AppTests";
				PRODUCT_NAME = "$(TARGET_NAME)";
				SDKROOT = watchos;
				SWIFT_EMIT_LOC_STRINGS = NO;
				SWIFT_VERSION = 5.0;
				TARGETED_DEVICE_FAMILY = 4;
				TEST_HOST = "$(BUILT_PRODUCTS_DIR)/Projeto_SensorVision Watch App.app/$(BUNDLE_EXECUTABLE_FOLDER_PATH)/Projeto_SensorVision Watch App";
				WATCHOS_DEPLOYMENT_TARGET = 10.2;
			};
			name = Debug;
		};
		FCFFDE3D2B90F9C7005F04B5 /* Release */ = {
			isa = XCBuildConfiguration;
			buildSettings = {
				ALWAYS_EMBED_SWIFT_STANDARD_LIBRARIES = YES;
				BUNDLE_LOADER = "$(TEST_HOST)";
				CODE_SIGN_STYLE = Automatic;
				CURRENT_PROJECT_VERSION = 1;
				DEVELOPMENT_TEAM = JA4TZLJA69;
				GENERATE_INFOPLIST_FILE = YES;
				MARKETING_VERSION = 1.0;
				PRODUCT_BUNDLE_IDENTIFIER = "IFMA.Projeto-SensorVision-Watch-AppTests";
				PRODUCT_NAME = "$(TARGET_NAME)";
				SDKROOT = watchos;
				SWIFT_EMIT_LOC_STRINGS = NO;
				SWIFT_VERSION = 5.0;
				TARGETED_DEVICE_FAMILY = 4;
				TEST_HOST = "$(BUILT_PRODUCTS_DIR)/Projeto_SensorVision Watch App.app/$(BUNDLE_EXECUTABLE_FOLDER_PATH)/Projeto_SensorVision Watch App";
				VALIDATE_PRODUCT = YES;
				WATCHOS_DEPLOYMENT_TARGET = 10.2;
			};
			name = Release;
		};
		FCFFDE3F2B90F9C7005F04B5 /* Debug */ = {
			isa = XCBuildConfiguration;
			buildSettings = {
				ALWAYS_EMBED_SWIFT_STANDARD_LIBRARIES = YES;
				CODE_SIGN_STYLE = Automatic;
				CURRENT_PROJECT_VERSION = 1;
				DEVELOPMENT_TEAM = JA4TZLJA69;
				GENERATE_INFOPLIST_FILE = YES;
				MARKETING_VERSION = 1.0;
				PRODUCT_BUNDLE_IDENTIFIER = "IFMA.Projeto-SensorVision-Watch-AppUITests";
				PRODUCT_NAME = "$(TARGET_NAME)";
				SDKROOT = watchos;
				SWIFT_EMIT_LOC_STRINGS = NO;
				SWIFT_VERSION = 5.0;
				TARGETED_DEVICE_FAMILY = 4;
				TEST_TARGET_NAME = "Projeto_SensorVision Watch App";
				WATCHOS_DEPLOYMENT_TARGET = 10.2;
			};
			name = Debug;
		};
		FCFFDE402B90F9C7005F04B5 /* Release */ = {
			isa = XCBuildConfiguration;
			buildSettings = {
				ALWAYS_EMBED_SWIFT_STANDARD_LIBRARIES = YES;
				CODE_SIGN_STYLE = Automatic;
				CURRENT_PROJECT_VERSION = 1;
				DEVELOPMENT_TEAM = JA4TZLJA69;
				GENERATE_INFOPLIST_FILE = YES;
				MARKETING_VERSION = 1.0;
				PRODUCT_BUNDLE_IDENTIFIER = "IFMA.Projeto-SensorVision-Watch-AppUITests";
				PRODUCT_NAME = "$(TARGET_NAME)";
				SDKROOT = watchos;
				SWIFT_EMIT_LOC_STRINGS = NO;
				SWIFT_VERSION = 5.0;
				TARGETED_DEVICE_FAMILY = 4;
				TEST_TARGET_NAME = "Projeto_SensorVision Watch App";
				VALIDATE_PRODUCT = YES;
				WATCHOS_DEPLOYMENT_TARGET = 10.2;
			};
			name = Release;
		};
/* End XCBuildConfiguration section */

/* Begin XCConfigurationList section */
		FCFFDE052B90F9C6005F04B5 /* Build configuration list for PBXProject "Projeto_SensorVision" */ = {
			isa = XCConfigurationList;
			buildConfigurations = (
				FCFFDE322B90F9C7005F04B5 /* Debug */,
				FCFFDE332B90F9C7005F04B5 /* Release */,
			);
			defaultConfigurationIsVisible = 0;
			defaultConfigurationName = Release;
		};
		FCFFDE342B90F9C7005F04B5 /* Build configuration list for PBXNativeTarget "Projeto_SensorVision Watch App" */ = {
			isa = XCConfigurationList;
			buildConfigurations = (
				FCFFDE352B90F9C7005F04B5 /* Debug */,
				FCFFDE362B90F9C7005F04B5 /* Release */,
			);
			defaultConfigurationIsVisible = 0;
			defaultConfigurationName = Release;
		};
		FCFFDE382B90F9C7005F04B5 /* Build configuration list for PBXNativeTarget "Projeto_SensorVision" */ = {
			isa = XCConfigurationList;
			buildConfigurations = (
				FCFFDE392B90F9C7005F04B5 /* Debug */,
				FCFFDE3A2B90F9C7005F04B5 /* Release */,
			);
			defaultConfigurationIsVisible = 0;
			defaultConfigurationName = Release;
		};
		FCFFDE3B2B90F9C7005F04B5 /* Build configuration list for PBXNativeTarget "Projeto_SensorVision Watch AppTests" */ = {
			isa = XCConfigurationList;
			buildConfigurations = (
				FCFFDE3C2B90F9C7005F04B5 /* Debug */,
				FCFFDE3D2B90F9C7005F04B5 /* Release */,
			);
			defaultConfigurationIsVisible = 0;
			defaultConfigurationName = Release;
		};
		FCFFDE3E2B90F9C7005F04B5 /* Build configuration list for PBXNativeTarget "Projeto_SensorVision Watch AppUITests" */ = {
			isa = XCConfigurationList;
			buildConfigurations = (
				FCFFDE3F2B90F9C7005F04B5 /* Debug */,
				FCFFDE402B90F9C7005F04B5 /* Release */,
			);
			defaultConfigurationIsVisible = 0;
			defaultConfigurationName = Release;
		};
/* End XCConfigurationList section */
	};
	rootObject = FCFFDE022B90F9C6005F04B5 /* Project object */;
}
